
Microsoft Visual Studio Solution File, Format Version 12.00
# Visual Studio 15
VisualStudioVersion = 15.0.28307.572
MinimumVisualStudioVersion = 10.0.40219.1
Project("{FAE04EC0-301F-11D3-BF4B-00C04F79EFBC}") = "OdeToFood", "OdeToFood\OdeToFood.csproj", "{4C062C49-CBFE-4D6D-ACCE-312E68DE4E1E}"
EndProject
Project("{FAE04EC0-301F-11D3-BF4B-00C04F79EFBC}") = "OdeToFood.Tests", "OdeToFood.Tests\OdeToFood.Tests.csproj", "{269879B5-1C59-48EA-AE84-C542097EBEDD}"
EndProject
Global
	GlobalSection(SolutionConfigurationPlatforms) = preSolution
		Debug|Any CPU = Debug|Any CPU
		Release|Any CPU = Release|Any CPU
	EndGlobalSection
	GlobalSection(ProjectConfigurationPlatforms) = postSolution
		{4C062C49-CBFE-4D6D-ACCE-312E68DE4E1E}.Debug|Any CPU.ActiveCfg = Debug|Any CPU
		{4C062C49-CBFE-4D6D-ACCE-312E68DE4E1E}.Debug|Any CPU.Build.0 = Debug|Any CPU
		{4C062C49-CBFE-4D6D-ACCE-312E68DE4E1E}.Release|Any CPU.ActiveCfg = Release|Any CPU
		{4C062C49-CBFE-4D6D-ACCE-312E68DE4E1E}.Release|Any CPU.Build.0 = Release|Any CPU
		{269879B5-1C59-48EA-AE84-C542097EBEDD}.Debug|Any CPU.ActiveCfg = Debug|Any CPU
		{269879B5-1C59-48EA-AE84-C542097EBEDD}.Debug|Any CPU.Build.0 = Debug|Any CPU
		{269879B5-1C59-48EA-AE84-C542097EBEDD}.Release|Any CPU.ActiveCfg = Release|Any CPU
		{269879B5-1C59-48EA-AE84-C542097EBEDD}.Release|Any CPU.Build.0 = Release|Any CPU
	EndGlobalSection
	GlobalSection(SolutionProperties) = preSolution
		HideSolutionNode = FALSE
	EndGlobalSection
	GlobalSection(ExtensibilityGlobals) = postSolution
		SolutionGuid = {CB360BA5-AF51-48E0-82CE-6AABB165475B}
	EndGlobalSection
EndGlobal
